
Microsoft Visual Studio Solution File, Format Version 12.00
# Visual Studio Version 16
VisualStudioVersion = 16.0.31025.194
MinimumVisualStudioVersion = 10.0.40219.1
Project("{8BC9CEB8-8B4A-11D0-8D11-00A0C91BC942}") = "ARC-template", "ARC-template\ARC-template.vcxproj", "{60EA0A76-B172-4104-A09C-FBD334496A85}"
EndProject
Project("{8BC9CEB8-8B4A-11D0-8D11-00A0C91BC942}") = "A1", "A1\A1.vcxproj", "{2D8CC1EA-7D4B-4B40-8D36-60DF7686B9F6}"
EndProject
Project("{8BC9CEB8-8B4A-11D0-8D11-00A0C91BC942}") = "A2", "A2\A2.vcxproj", "{C42379A7-3305-474D-9CF2-C05FA0FCEFFC}"
EndProject
Project("{8BC9CEB8-8B4A-11D0-8D11-00A0C91BC942}") = "B1", "B1\B1.vcxproj", "{91ECFF37-DF77-42B1-9FB3-B532E51FEC14}"
EndProject
Project("{8BC9CEB8-8B4A-11D0-8D11-00A0C91BC942}") = "B2", "B2\B2.vcxproj", "{ED80B99B-4EF2-46A2-AB84-053111B54601}"
EndProject
Project("{8BC9CEB8-8B4A-11D0-8D11-00A0C91BC942}") = "C1", "C1\C1.vcxproj", "{CA9FF3D3-5DDD-4B54-9EC4-73A7F5376DD9}"
EndProject
Project("{8BC9CEB8-8B4A-11D0-8D11-00A0C91BC942}") = "C2", "C2\C2.vcxproj", "{DF3DF71B-840E-42C2-8DEB-16F5E4F22C0E}"
EndProject
Project("{8BC9CEB8-8B4A-11D0-8D11-00A0C91BC942}") = "D1", "D1\D1.vcxproj", "{EC7F91D6-8E59-473D-83B1-5291F9181101}"
EndProject
Project("{8BC9CEB8-8B4A-11D0-8D11-00A0C91BC942}") = "D2", "D2\D2.vcxproj", "{C89DD17A-A33B-4643-9DAA-27C939523662}"
EndProject
Project("{8BC9CEB8-8B4A-11D0-8D11-00A0C91BC942}") = "E1", "E1\E1.vcxproj", "{EA524C61-9E0B-486B-92E2-1025EF0B4C19}"
EndProject
Project("{8BC9CEB8-8B4A-11D0-8D11-00A0C91BC942}") = "E2", "E2\E2.vcxproj", "{D79D2B0D-E8F3-47EF-9921-4E37C16CF482}"
EndProject
Project("{8BC9CEB8-8B4A-11D0-8D11-00A0C91BC942}") = "F1", "F1\F1.vcxproj", "{2DACEE3C-323E-490D-BFC4-BFACAE328B69}"
EndProject
Project("{8BC9CEB8-8B4A-11D0-8D11-00A0C91BC942}") = "F2", "F2\F2.vcxproj", "{D283246D-BE99-4480-A4A6-32063A673BE0}"
EndProject
Global
	GlobalSection(SolutionConfigurationPlatforms) = preSolution
		Debug|x64 = Debug|x64
		Debug|x86 = Debug|x86
		Release|x64 = Release|x64
		Release|x86 = Release|x86
	EndGlobalSection
	GlobalSection(ProjectConfigurationPlatforms) = postSolution
		{60EA0A76-B172-4104-A09C-FBD334496A85}.Debug|x64.ActiveCfg = Debug|x64
		{60EA0A76-B172-4104-A09C-FBD334496A85}.Debug|x64.Build.0 = Debug|x64
		{60EA0A76-B172-4104-A09C-FBD334496A85}.Debug|x86.ActiveCfg = Debug|Win32
		{60EA0A76-B172-4104-A09C-FBD334496A85}.Debug|x86.Build.0 = Debug|Win32
		{60EA0A76-B172-4104-A09C-FBD334496A85}.Release|x64.ActiveCfg = Release|x64
		{60EA0A76-B172-4104-A09C-FBD334496A85}.Release|x64.Build.0 = Release|x64
		{60EA0A76-B172-4104-A09C-FBD334496A85}.Release|x86.ActiveCfg = Release|Win32
		{60EA0A76-B172-4104-A09C-FBD334496A85}.Release|x86.Build.0 = Release|Win32
		{2D8CC1EA-7D4B-4B40-8D36-60DF7686B9F6}.Debug|x64.ActiveCfg = Debug|x64
		{2D8CC1EA-7D4B-4B40-8D36-60DF7686B9F6}.Debug|x64.Build.0 = Debug|x64
		{2D8CC1EA-7D4B-4B40-8D36-60DF7686B9F6}.Debug|x86.ActiveCfg = Debug|Win32
		{2D8CC1EA-7D4B-4B40-8D36-60DF7686B9F6}.Debug|x86.Build.0 = Debug|Win32
		{2D8CC1EA-7D4B-4B40-8D36-60DF7686B9F6}.Release|x64.ActiveCfg = Release|x64
		{2D8CC1EA-7D4B-4B40-8D36-60DF7686B9F6}.Release|x64.Build.0 = Release|x64
		{2D8CC1EA-7D4B-4B40-8D36-60DF7686B9F6}.Release|x86.ActiveCfg = Release|Win32
		{2D8CC1EA-7D4B-4B40-8D36-60DF7686B9F6}.Release|x86.Build.0 = Release|Win32
		{C42379A7-3305-474D-9CF2-C05FA0FCEFFC}.Debug|x64.ActiveCfg = Debug|x64
		{C42379A7-3305-474D-9CF2-C05FA0FCEFFC}.Debug|x64.Build.0 = Debug|x64
		{C42379A7-3305-474D-9CF2-C05FA0FCEFFC}.Debug|x86.ActiveCfg = Debug|Win32
		{C42379A7-3305-474D-9CF2-C05FA0FCEFFC}.Debug|x86.Build.0 = Debug|Win32
		{C42379A7-3305-474D-9CF2-C05FA0FCEFFC}.Release|x64.ActiveCfg = Release|x64
		{C42379A7-3305-474D-9CF2-C05FA0FCEFFC}.Release|x64.Build.0 = Release|x64
		{C42379A7-3305-474D-9CF2-C05FA0FCEFFC}.Release|x86.ActiveCfg = Release|Win32
		{C42379A7-3305-474D-9CF2-C05FA0FCEFFC}.Release|x86.Build.0 = Release|Win32
		{91ECFF37-DF77-42B1-9FB3-B532E51FEC14}.Debug|x64.ActiveCfg = Debug|x64
		{91ECFF37-DF77-42B1-9FB3-B532E51FEC14}.Debug|x64.Build.0 = Debug|x64
		{91ECFF37-DF77-42B1-9FB3-B532E51FEC14}.Debug|x86.ActiveCfg = Debug|Win32
		{91ECFF37-DF77-42B1-9FB3-B532E51FEC14}.Debug|x86.Build.0 = Debug|Win32
		{91ECFF37-DF77-42B1-9FB3-B532E51FEC14}.Release|x64.ActiveCfg = Release|x64
		{91ECFF37-DF77-42B1-9FB3-B532E51FEC14}.Release|x64.Build.0 = Release|x64
		{91ECFF37-DF77-42B1-9FB3-B532E51FEC14}.Release|x86.ActiveCfg = Release|Win32
		{91ECFF37-DF77-42B1-9FB3-B532E51FEC14}.Release|x86.Build.0 = Release|Win32
		{ED80B99B-4EF2-46A2-AB84-053111B54601}.Debug|x64.ActiveCfg = Debug|x64
		{ED80B99B-4EF2-46A2-AB84-053111B54601}.Debug|x64.Build.0 = Debug|x64
		{ED80B99B-4EF2-46A2-AB84-053111B54601}.Debug|x86.ActiveCfg = Debug|Win32
		{ED80B99B-4EF2-46A2-AB84-053111B54601}.Debug|x86.Build.0 = Debug|Win32
		{ED80B99B-4EF2-46A2-AB84-053111B54601}.Release|x64.ActiveCfg = Release|x64
		{ED80B99B-4EF2-46A2-AB84-053111B54601}.Release|x64.Build.0 = Release|x64
		{ED80B99B-4EF2-46A2-AB84-053111B54601}.Release|x86.ActiveCfg = Release|Win32
		{ED80B99B-4EF2-46A2-AB84-053111B54601}.Release|x86.Build.0 = Release|Win32
		{CA9FF3D3-5DDD-4B54-9EC4-73A7F5376DD9}.Debug|x64.ActiveCfg = Debug|x64
		{CA9FF3D3-5DDD-4B54-9EC4-73A7F5376DD9}.Debug|x64.Build.0 = Debug|x64
		{CA9FF3D3-5DDD-4B54-9EC4-73A7F5376DD9}.Debug|x86.ActiveCfg = Debug|Win32
		{CA9FF3D3-5DDD-4B54-9EC4-73A7F5376DD9}.Debug|x86.Build.0 = Debug|Win32
		{CA9FF3D3-5DDD-4B54-9EC4-73A7F5376DD9}.Release|x64.ActiveCfg = Release|x64
		{CA9FF3D3-5DDD-4B54-9EC4-73A7F5376DD9}.Release|x64.Build.0 = Release|x64
		{CA9FF3D3-5DDD-4B54-9EC4-73A7F5376DD9}.Release|x86.ActiveCfg = Release|Win32
		{CA9FF3D3-5DDD-4B54-9EC4-73A7F5376DD9}.Release|x86.Build.0 = Release|Win32
		{DF3DF71B-840E-42C2-8DEB-16F5E4F22C0E}.Debug|x64.ActiveCfg = Debug|x64
		{DF3DF71B-840E-42C2-8DEB-16F5E4F22C0E}.Debug|x64.Build.0 = Debug|x64
		{DF3DF71B-840E-42C2-8DEB-16F5E4F22C0E}.Debug|x86.ActiveCfg = Debug|Win32
		{DF3DF71B-840E-42C2-8DEB-16F5E4F22C0E}.Debug|x86.Build.0 = Debug|Win32
		{DF3DF71B-840E-42C2-8DEB-16F5E4F22C0E}.Release|x64.ActiveCfg = Release|x64
		{DF3DF71B-840E-42C2-8DEB-16F5E4F22C0E}.Release|x64.Build.0 = Release|x64
		{DF3DF71B-840E-42C2-8DEB-16F5E4F22C0E}.Release|x86.ActiveCfg = Release|Win32
		{DF3DF71B-840E-42C2-8DEB-16F5E4F22C0E}.Release|x86.Build.0 = Release|Win32
		{EC7F91D6-8E59-473D-83B1-5291F9181101}.Debug|x64.ActiveCfg = Debug|x64
		{EC7F91D6-8E59-473D-83B1-5291F9181101}.Debug|x64.Build.0 = Debug|x64
		{EC7F91D6-8E59-473D-83B1-5291F9181101}.Debug|x86.ActiveCfg = Debug|Win32
		{EC7F91D6-8E59-473D-83B1-5291F9181101}.Debug|x86.Build.0 = Debug|Win32
		{EC7F91D6-8E59-473D-83B1-5291F9181101}.Release|x64.ActiveCfg = Release|x64
		{EC7F91D6-8E59-473D-83B1-5291F9181101}.Release|x64.Build.0 = Release|x64
		{EC7F91D6-8E59-473D-83B1-5291F9181101}.Release|x86.ActiveCfg = Release|Win32
		{EC7F91D6-8E59-473D-83B1-5291F9181101}.Release|x86.Build.0 = Release|Win32
		{C89DD17A-A33B-4643-9DAA-27C939523662}.Debug|x64.ActiveCfg = Debug|x64
		{C89DD17A-A33B-4643-9DAA-27C939523662}.Debug|x64.Build.0 = Debug|x64
		{C89DD17A-A33B-4643-9DAA-27C939523662}.Debug|x86.ActiveCfg = Debug|Win32
		{C89DD17A-A33B-4643-9DAA-27C939523662}.Debug|x86.Build.0 = Debug|Win32
		{C89DD17A-A33B-4643-9DAA-27C939523662}.Release|x64.ActiveCfg = Release|x64
		{C89DD17A-A33B-4643-9DAA-27C939523662}.Release|x64.Build.0 = Release|x64
		{C89DD17A-A33B-4643-9DAA-27C939523662}.Release|x86.ActiveCfg = Release|Win32
		{C89DD17A-A33B-4643-9DAA-27C939523662}.Release|x86.Build.0 = Release|Win32
		{EA524C61-9E0B-486B-92E2-1025EF0B4C19}.Debug|x64.ActiveCfg = Debug|x64
		{EA524C61-9E0B-486B-92E2-1025EF0B4C19}.Debug|x64.Build.0 = Debug|x64
		{EA524C61-9E0B-486B-92E2-1025EF0B4C19}.Debug|x86.ActiveCfg = Debug|Win32
		{EA524C61-9E0B-486B-92E2-1025EF0B4C19}.Debug|x86.Build.0 = Debug|Win32
		{EA524C61-9E0B-486B-92E2-1025EF0B4C19}.Release|x64.ActiveCfg = Release|x64
		{EA524C61-9E0B-486B-92E2-1025EF0B4C19}.Release|x64.Build.0 = Release|x64
		{EA524C61-9E0B-486B-92E2-1025EF0B4C19}.Release|x86.ActiveCfg = Release|Win32
		{EA524C61-9E0B-486B-92E2-1025EF0B4C19}.Release|x86.Build.0 = Release|Win32
		{D79D2B0D-E8F3-47EF-9921-4E37C16CF482}.Debug|x64.ActiveCfg = Debug|x64
		{D79D2B0D-E8F3-47EF-9921-4E37C16CF482}.Debug|x64.Build.0 = Debug|x64
		{D79D2B0D-E8F3-47EF-9921-4E37C16CF482}.Debug|x86.ActiveCfg = Debug|Win32
		{D79D2B0D-E8F3-47EF-9921-4E37C16CF482}.Debug|x86.Build.0 = Debug|Win32
		{D79D2B0D-E8F3-47EF-9921-4E37C16CF482}.Release|x64.ActiveCfg = Release|x64
		{D79D2B0D-E8F3-47EF-9921-4E37C16CF482}.Release|x64.Build.0 = Release|x64
		{D79D2B0D-E8F3-47EF-9921-4E37C16CF482}.Release|x86.ActiveCfg = Release|Win32
		{D79D2B0D-E8F3-47EF-9921-4E37C16CF482}.Release|x86.Build.0 = Release|Win32
		{2DACEE3C-323E-490D-BFC4-BFACAE328B69}.Debug|x64.ActiveCfg = Debug|x64
		{2DACEE3C-323E-490D-BFC4-BFACAE328B69}.Debug|x64.Build.0 = Debug|x64
		{2DACEE3C-323E-490D-BFC4-BFACAE328B69}.Debug|x86.ActiveCfg = Debug|Win32
		{2DACEE3C-323E-490D-BFC4-BFACAE328B69}.Debug|x86.Build.0 = Debug|Win32
		{2DACEE3C-323E-490D-BFC4-BFACAE328B69}.Release|x64.ActiveCfg = Release|x64
		{2DACEE3C-323E-490D-BFC4-BFACAE328B69}.Release|x64.Build.0 = Release|x64
		{2DACEE3C-323E-490D-BFC4-BFACAE328B69}.Release|x86.ActiveCfg = Release|Win32
		{2DACEE3C-323E-490D-BFC4-BFACAE328B69}.Release|x86.Build.0 = Release|Win32
		{D283246D-BE99-4480-A4A6-32063A673BE0}.Debug|x64.ActiveCfg = Debug|x64
		{D283246D-BE99-4480-A4A6-32063A673BE0}.Debug|x64.Build.0 = Debug|x64
		{D283246D-BE99-4480-A4A6-32063A673BE0}.Debug|x86.ActiveCfg = Debug|Win32
		{D283246D-BE99-4480-A4A6-32063A673BE0}.Debug|x86.Build.0 = Debug|Win32
		{D283246D-BE99-4480-A4A6-32063A673BE0}.Release|x64.ActiveCfg = Release|x64
		{D283246D-BE99-4480-A4A6-32063A673BE0}.Release|x64.Build.0 = Release|x64
		{D283246D-BE99-4480-A4A6-32063A673BE0}.Release|x86.ActiveCfg = Release|Win32
		{D283246D-BE99-4480-A4A6-32063A673BE0}.Release|x86.Build.0 = Release|Win32
	EndGlobalSection
	GlobalSection(SolutionProperties) = preSolution
		HideSolutionNode = FALSE
	EndGlobalSection
	GlobalSection(ExtensibilityGlobals) = postSolution
		SolutionGuid = {1CCD13AC-7E59-4766-BBCA-F6EFC0C830E7}
	EndGlobalSection
EndGlobal
